
Microsoft Visual Studio Solution File, Format Version 12.00
# Visual Studio Version 16
VisualStudioVersion = 16.0.810.14
MinimumVisualStudioVersion = 10.0.40219.1
Project("{FAE04EC0-301F-11D3-BF4B-00C04F79EFBC}") = "emailFunction", "emailFunction\emailFunction.csproj", "{F8978C79-8EFF-435D-BBB5-F3D9FB1A1B48}"
EndProject
Global
	GlobalSection(SolutionConfigurationPlatforms) = preSolution
		Debug|Any CPU = Debug|Any CPU
		Release|Any CPU = Release|Any CPU
	EndGlobalSection
	GlobalSection(ProjectConfigurationPlatforms) = postSolution
		{F8978C79-8EFF-435D-BBB5-F3D9FB1A1B48}.Debug|Any CPU.ActiveCfg = Debug|Any CPU
		{F8978C79-8EFF-435D-BBB5-F3D9FB1A1B48}.Debug|Any CPU.Build.0 = Debug|Any CPU
		{F8978C79-8EFF-435D-BBB5-F3D9FB1A1B48}.Release|Any CPU.ActiveCfg = Release|Any CPU
		{F8978C79-8EFF-435D-BBB5-F3D9FB1A1B48}.Release|Any CPU.Build.0 = Release|Any CPU
	EndGlobalSection
	GlobalSection(SolutionProperties) = preSolution
		HideSolutionNode = FALSE
	EndGlobalSection
	GlobalSection(ExtensibilityGlobals) = postSolution
		SolutionGuid = {3D777DE1-D6A5-4611-8C63-C5BEFC158BA6}
	EndGlobalSection
EndGlobal
